
Microsoft Visual Studio Solution File, Format Version 12.00
Project("{FAE04EC0-301F-11D3-BF4B-00C04F79EFBC}") = "Solver", "Solver\Solver.csproj", "{0123EE1B-4E39-40D2-9524-CFD549183C6F}"
EndProject
Global
	GlobalSection(SolutionConfigurationPlatforms) = preSolution
		Debug|Any CPU = Debug|Any CPU
		Release|Any CPU = Release|Any CPU
	EndGlobalSection
	GlobalSection(ProjectConfigurationPlatforms) = postSolution
		{0123EE1B-4E39-40D2-9524-CFD549183C6F}.Debug|Any CPU.ActiveCfg = Debug|Any CPU
		{0123EE1B-4E39-40D2-9524-CFD549183C6F}.Debug|Any CPU.Build.0 = Debug|Any CPU
		{0123EE1B-4E39-40D2-9524-CFD549183C6F}.Release|Any CPU.ActiveCfg = Release|Any CPU
		{0123EE1B-4E39-40D2-9524-CFD549183C6F}.Release|Any CPU.Build.0 = Release|Any CPU
	EndGlobalSection
EndGlobal
